
Microsoft Visual Studio Solution File, Format Version 12.00
# Visual Studio Version 16
VisualStudioVersion = 16.0.30204.135
MinimumVisualStudioVersion = 10.0.40219.1
Project("{FAE04EC0-301F-11D3-BF4B-00C04F79EFBC}") = "SimulacionEconomica", "SimulacionEconomica.csproj", "{6E52994F-009D-4252-AE7B-D50886D7AB29}"
EndProject
Global
	GlobalSection(SolutionConfigurationPlatforms) = preSolution
		Debug|x86 = Debug|x86
		Release|x86 = Release|x86
	EndGlobalSection
	GlobalSection(ProjectConfigurationPlatforms) = postSolution
		{6E52994F-009D-4252-AE7B-D50886D7AB29}.Debug|x86.ActiveCfg = Debug|x86
		{6E52994F-009D-4252-AE7B-D50886D7AB29}.Debug|x86.Build.0 = Debug|x86
		{6E52994F-009D-4252-AE7B-D50886D7AB29}.Release|x86.ActiveCfg = Release|x86
		{6E52994F-009D-4252-AE7B-D50886D7AB29}.Release|x86.Build.0 = Release|x86
	EndGlobalSection
	GlobalSection(SolutionProperties) = preSolution
		HideSolutionNode = FALSE
	EndGlobalSection
	GlobalSection(ExtensibilityGlobals) = postSolution
		SolutionGuid = {11E431AC-5CA7-4FDE-A55C-390924E39590}
	EndGlobalSection
EndGlobal
